
Microsoft Visual Studio Solution File, Format Version 12.00
# Visual Studio Version 17
VisualStudioVersion = 17.9.34622.214
MinimumVisualStudioVersion = 10.0.40219.1
Project("{9A19103F-16F7-4668-BE54-9A1E7A4F7556}") = "WebApplication10Jan20Country", "WebApplication10Jan20Country.csproj", "{E6B03081-04D5-4A46-B0A3-9BA7B11B6D21}"
EndProject
Project("{9A19103F-16F7-4668-BE54-9A1E7A4F7556}") = "CountriesShoesWebMVCTests", "..\CountriesShoesWebMVCTests\CountriesShoesWebMVCTests.csproj", "{68F5C560-89CA-4013-BE33-D70B1EA9DA56}"
EndProject
Global
	GlobalSection(SolutionConfigurationPlatforms) = preSolution
		Debug|Any CPU = Debug|Any CPU
		Release|Any CPU = Release|Any CPU
	EndGlobalSection
	GlobalSection(ProjectConfigurationPlatforms) = postSolution
		{E6B03081-04D5-4A46-B0A3-9BA7B11B6D21}.Debug|Any CPU.ActiveCfg = Debug|Any CPU
		{E6B03081-04D5-4A46-B0A3-9BA7B11B6D21}.Debug|Any CPU.Build.0 = Debug|Any CPU
		{E6B03081-04D5-4A46-B0A3-9BA7B11B6D21}.Release|Any CPU.ActiveCfg = Release|Any CPU
		{E6B03081-04D5-4A46-B0A3-9BA7B11B6D21}.Release|Any CPU.Build.0 = Release|Any CPU
		{68F5C560-89CA-4013-BE33-D70B1EA9DA56}.Debug|Any CPU.ActiveCfg = Debug|Any CPU
		{68F5C560-89CA-4013-BE33-D70B1EA9DA56}.Debug|Any CPU.Build.0 = Debug|Any CPU
		{68F5C560-89CA-4013-BE33-D70B1EA9DA56}.Release|Any CPU.ActiveCfg = Release|Any CPU
		{68F5C560-89CA-4013-BE33-D70B1EA9DA56}.Release|Any CPU.Build.0 = Release|Any CPU
	EndGlobalSection
	GlobalSection(SolutionProperties) = preSolution
		HideSolutionNode = FALSE
	EndGlobalSection
	GlobalSection(ExtensibilityGlobals) = postSolution
		SolutionGuid = {0E27FB6D-6B28-44A4-B203-095EE434E8F0}
	EndGlobalSection
EndGlobal
